Microsoft Visual Studio Solution File, Format Version 11.00
# Visual Studio 2010
Project("{E223FDA3-A4B0-4A67-BB9F-1DC7C9009E66}") = "restcloud", "restcloud.visualdproj", "{5BDCFB17-8201-4E78-9932-623F769DBE18}"
	ProjectSection(ProjectDependencies) = postProject
		{648C5FDC-1ED5-43E3-AA61-6AB53A7F682F} = {648C5FDC-1ED5-43E3-AA61-6AB53A7F682F}
		{3AFDC1AC-D018-40A7-800C-2997EB1358AA} = {3AFDC1AC-D018-40A7-800C-2997EB1358AA}
	EndProjectSection
EndProject
Project("{E223FDA3-A4B0-4A67-BB9F-1DC7C9009E66}") = "vibe-d", "vibe-d.visualdproj", "{3AFDC1AC-D018-40A7-800C-2997EB1358AA}"
EndProject
Project("{E223FDA3-A4B0-4A67-BB9F-1DC7C9009E66}") = "ddb", "ddb.visualdproj", "{648C5FDC-1ED5-43E3-AA61-6AB53A7F682F}"
EndProject
Global
	GlobalSection(SolutionConfigurationPlatforms) = preSolution
		debug|Win32 = debug|Win32
	EndGlobalSection
	GlobalSection(ProjectConfigurationPlatforms) = postSolution
		{5BDCFB17-8201-4E78-9932-623F769DBE18}.debug|Win32.ActiveCfg = debug|Win32
		{5BDCFB17-8201-4E78-9932-623F769DBE18}.debug|Win32.Build.0 = debug|Win32
		{3AFDC1AC-D018-40A7-800C-2997EB1358AA}.debug|Win32.ActiveCfg = debug|Win32
		{3AFDC1AC-D018-40A7-800C-2997EB1358AA}.debug|Win32.Build.0 = debug|Win32
		{648C5FDC-1ED5-43E3-AA61-6AB53A7F682F}.debug|Win32.ActiveCfg = debug|Win32
		{648C5FDC-1ED5-43E3-AA61-6AB53A7F682F}.debug|Win32.Build.0 = debug|Win32
	EndGlobalSection
	GlobalSection(SolutionProperties) = preSolution
		HideSolutionNode = FALSE
	EndGlobalSection
EndGlobal
